
Microsoft Visual Studio Solution File, Format Version 12.00
# Visual Studio Version 16
VisualStudioVersion = 16.0.31129.286
MinimumVisualStudioVersion = 10.0.40219.1
Project("{FAE04EC0-301F-11D3-BF4B-00C04F79EFBC}") = "AADAuthNet5.Server", "Server\AADAuthNet5.Server.csproj", "{5AA5BACA-4166-4ED6-BBC4-EA72EEDF4A1F}"
EndProject
Project("{FAE04EC0-301F-11D3-BF4B-00C04F79EFBC}") = "AADAuthNet5.Client", "Client\AADAuthNet5.Client.csproj", "{BC58AFE8-AD77-4069-9B2B-D54CBB7C2232}"
EndProject
Project("{FAE04EC0-301F-11D3-BF4B-00C04F79EFBC}") = "AADAuthNet5.Shared", "Shared\AADAuthNet5.Shared.csproj", "{E95E3AA1-8D03-47F3-9528-B15BC1CE66E5}"
EndProject
Global
	GlobalSection(SolutionConfigurationPlatforms) = preSolution
		Debug|Any CPU = Debug|Any CPU
		Release|Any CPU = Release|Any CPU
	EndGlobalSection
	GlobalSection(ProjectConfigurationPlatforms) = postSolution
		{5AA5BACA-4166-4ED6-BBC4-EA72EEDF4A1F}.Debug|Any CPU.ActiveCfg = Debug|Any CPU
		{5AA5BACA-4166-4ED6-BBC4-EA72EEDF4A1F}.Debug|Any CPU.Build.0 = Debug|Any CPU
		{5AA5BACA-4166-4ED6-BBC4-EA72EEDF4A1F}.Release|Any CPU.ActiveCfg = Release|Any CPU
		{5AA5BACA-4166-4ED6-BBC4-EA72EEDF4A1F}.Release|Any CPU.Build.0 = Release|Any CPU
		{BC58AFE8-AD77-4069-9B2B-D54CBB7C2232}.Debug|Any CPU.ActiveCfg = Debug|Any CPU
		{BC58AFE8-AD77-4069-9B2B-D54CBB7C2232}.Debug|Any CPU.Build.0 = Debug|Any CPU
		{BC58AFE8-AD77-4069-9B2B-D54CBB7C2232}.Release|Any CPU.ActiveCfg = Release|Any CPU
		{BC58AFE8-AD77-4069-9B2B-D54CBB7C2232}.Release|Any CPU.Build.0 = Release|Any CPU
		{E95E3AA1-8D03-47F3-9528-B15BC1CE66E5}.Debug|Any CPU.ActiveCfg = Debug|Any CPU
		{E95E3AA1-8D03-47F3-9528-B15BC1CE66E5}.Debug|Any CPU.Build.0 = Debug|Any CPU
		{E95E3AA1-8D03-47F3-9528-B15BC1CE66E5}.Release|Any CPU.ActiveCfg = Release|Any CPU
		{E95E3AA1-8D03-47F3-9528-B15BC1CE66E5}.Release|Any CPU.Build.0 = Release|Any CPU
	EndGlobalSection
	GlobalSection(SolutionProperties) = preSolution
		HideSolutionNode = FALSE
	EndGlobalSection
	GlobalSection(ExtensibilityGlobals) = postSolution
		SolutionGuid = {3110DFB9-6D3B-48C1-BD4F-0B61372180FB}
	EndGlobalSection
EndGlobal
